// !$*UTF8*$!
{
	archiveVersion = 1;
	classes = {
	};
	objectVersion = 46;
	objects = {

/* Begin PBXBuildFile section */
		C2A5DC24198CC52F00DC7662 /* JMCacheQueueTests.m in Sources */ = {isa = PBXBuildFile; fileRef = C2A5DC23198CC52F00DC7662 /* JMCacheQueueTests.m */; };
		C2A5DC25198CC55B00DC7662 /* JMCache.m in Sources */ = {isa = PBXBuildFile; fileRef = C2F335EE1986E7A800F5D355 /* JMCache.m */; };
		C2A5DC26198CC56000DC7662 /* JMCacheKey.m in Sources */ = {isa = PBXBuildFile; fileRef = C2F33606198AE16F00F5D355 /* JMCacheKey.m */; };
		C2A5DC27198CC56600DC7662 /* JMCache+filePath.m in Sources */ = {isa = PBXBuildFile; fileRef = C2F335EA1986E7A800F5D355 /* JMCache+filePath.m */; };
		C2A5DC28198CC56600DC7662 /* JMCache+InMemory.m in Sources */ = {isa = PBXBuildFile; fileRef = C2F335FD19876AC500F5D355 /* JMCache+InMemory.m */; };
		C2A5DC29198CC56600DC7662 /* JMCache+ReadWrite.m in Sources */ = {isa = PBXBuildFile; fileRef = C2F335EC1986E7A800F5D355 /* JMCache+ReadWrite.m */; };
		C2A5DC2A198CC56600DC7662 /* JMCacheReverseDataValueTransformer.m in Sources */ = {isa = PBXBuildFile; fileRef = C2F335F01986E7A800F5D355 /* JMCacheReverseDataValueTransformer.m */; };
		C2A5DC2B198CC56600DC7662 /* JMCacheValueTransformer.m in Sources */ = {isa = PBXBuildFile; fileRef = C2F335F21986E7A800F5D355 /* JMCacheValueTransformer.m */; };
		C2A5DC2C198CC56600DC7662 /* NSError+JMCache.m in Sources */ = {isa = PBXBuildFile; fileRef = C2F335F41986E7A800F5D355 /* NSError+JMCache.m */; };
		C2A5DC2D198CC56600DC7662 /* NSObject+JMCache.m in Sources */ = {isa = PBXBuildFile; fileRef = C2F336001988C3DC00F5D355 /* NSObject+JMCache.m */; };
		C2F335B41986E75300F5D355 /* Foundation.framework in Frameworks */ = {isa = PBXBuildFile; fileRef = C2F335B31986E75300F5D355 /* Foundation.framework */; };
		C2F335B61986E75300F5D355 /* CoreGraphics.framework in Frameworks */ = {isa = PBXBuildFile; fileRef = C2F335B51986E75300F5D355 /* CoreGraphics.framework */; };
		C2F335B81986E75300F5D355 /* UIKit.framework in Frameworks */ = {isa = PBXBuildFile; fileRef = C2F335B71986E75300F5D355 /* UIKit.framework */; };
		C2F335BE1986E75300F5D355 /* InfoPlist.strings in Resources */ = {isa = PBXBuildFile; fileRef = C2F335BC1986E75300F5D355 /* InfoPlist.strings */; };
		C2F335C01986E75300F5D355 /* main.m in Sources */ = {isa = PBXBuildFile; fileRef = C2F335BF1986E75300F5D355 /* main.m */; };
		C2F335C41986E75300F5D355 /* AppDelegate.m in Sources */ = {isa = PBXBuildFile; fileRef = C2F335C31986E75300F5D355 /* AppDelegate.m */; };
		C2F335C71986E75300F5D355 /* Main.storyboard in Resources */ = {isa = PBXBuildFile; fileRef = C2F335C51986E75300F5D355 /* Main.storyboard */; };
		C2F335CA1986E75300F5D355 /* ViewController.m in Sources */ = {isa = PBXBuildFile; fileRef = C2F335C91986E75300F5D355 /* ViewController.m */; };
		C2F335CC1986E75300F5D355 /* Images.xcassets in Resources */ = {isa = PBXBuildFile; fileRef = C2F335CB1986E75300F5D355 /* Images.xcassets */; };
		C2F335D31986E75400F5D355 /* XCTest.framework in Frameworks */ = {isa = PBXBuildFile; fileRef = C2F335D21986E75400F5D355 /* XCTest.framework */; };
		C2F335D41986E75400F5D355 /* Foundation.framework in Frameworks */ = {isa = PBXBuildFile; fileRef = C2F335B31986E75300F5D355 /* Foundation.framework */; };
		C2F335D51986E75400F5D355 /* UIKit.framework in Frameworks */ = {isa = PBXBuildFile; fileRef = C2F335B71986E75300F5D355 /* UIKit.framework */; };
		C2F335DD1986E75400F5D355 /* InfoPlist.strings in Resources */ = {isa = PBXBuildFile; fileRef = C2F335DB1986E75400F5D355 /* InfoPlist.strings */; };
		C2F335DF1986E75400F5D355 /* JMCacheTests.m in Sources */ = {isa = PBXBuildFile; fileRef = C2F335DE1986E75400F5D355 /* JMCacheTests.m */; };
		C2F335F51986E7A800F5D355 /* JMCache+filePath.m in Sources */ = {isa = PBXBuildFile; fileRef = C2F335EA1986E7A800F5D355 /* JMCache+filePath.m */; };
		C2F335F61986E7A800F5D355 /* JMCache+ReadWrite.m in Sources */ = {isa = PBXBuildFile; fileRef = C2F335EC1986E7A800F5D355 /* JMCache+ReadWrite.m */; };
		C2F335F71986E7A800F5D355 /* JMCache.m in Sources */ = {isa = PBXBuildFile; fileRef = C2F335EE1986E7A800F5D355 /* JMCache.m */; };
		C2F335F81986E7A800F5D355 /* JMCacheReverseDataValueTransformer.m in Sources */ = {isa = PBXBuildFile; fileRef = C2F335F01986E7A800F5D355 /* JMCacheReverseDataValueTransformer.m */; };
		C2F335F91986E7A800F5D355 /* JMCacheValueTransformer.m in Sources */ = {isa = PBXBuildFile; fileRef = C2F335F21986E7A800F5D355 /* JMCacheValueTransformer.m */; };
		C2F335FA1986E7A800F5D355 /* NSError+JMCache.m in Sources */ = {isa = PBXBuildFile; fileRef = C2F335F41986E7A800F5D355 /* NSError+JMCache.m */; };
		C2F335FE19876AC500F5D355 /* JMCache+InMemory.m in Sources */ = {isa = PBXBuildFile; fileRef = C2F335FD19876AC500F5D355 /* JMCache+InMemory.m */; };
		C2F336011988C3DC00F5D355 /* NSObject+JMCache.m in Sources */ = {isa = PBXBuildFile; fileRef = C2F336001988C3DC00F5D355 /* NSObject+JMCache.m */; };
		C2F33607198AE16F00F5D355 /* JMCacheKey.m in Sources */ = {isa = PBXBuildFile; fileRef = C2F33606198AE16F00F5D355 /* JMCacheKey.m */; };
/* End PBXBuildFile section */

/* Begin PBXContainerItemProxy section */
		C2F335D61986E75400F5D355 /* PBXContainerItemProxy */ = {
			isa = PBXContainerItemProxy;
			containerPortal = C2F335A81986E75300F5D355 /* Project object */;
			proxyType = 1;
			remoteGlobalIDString = C2F335AF1986E75300F5D355;
			remoteInfo = JMCache;
		};
/* End PBXContainerItemProxy section */

/* Begin PBXFileReference section */
		C2A5DC23198CC52F00DC7662 /* JMCacheQueueTests.m */ = {isa = PBXFileReference; fileEncoding = 4; lastKnownFileType = sourcecode.c.objc; path = JMCacheQueueTests.m; sourceTree = "<group>"; };
		C2F335B01986E75300F5D355 /* JMCache.app */ = {isa = PBXFileReference; explicitFileType = wrapper.application; includeInIndex = 0; path = JMCache.app; sourceTree = BUILT_PRODUCTS_DIR; };
		C2F335B31986E75300F5D355 /* Foundation.framework */ = {isa = PBXFileReference; lastKnownFileType = wrapper.framework; name = Foundation.framework; path = System/Library/Frameworks/Foundation.framework; sourceTree = SDKROOT; };
		C2F335B51986E75300F5D355 /* CoreGraphics.framework */ = {isa = PBXFileReference; lastKnownFileType = wrapper.framework; name = CoreGraphics.framework; path = System/Library/Frameworks/CoreGraphics.framework; sourceTree = SDKROOT; };
		C2F335B71986E75300F5D355 /* UIKit.framework */ = {isa = PBXFileReference; lastKnownFileType = wrapper.framework; name = UIKit.framework; path = System/Library/Frameworks/UIKit.framework; sourceTree = SDKROOT; };
		C2F335BB1986E75300F5D355 /* JMCache-Info.plist */ = {isa = PBXFileReference; lastKnownFileType = text.plist.xml; path = "JMCache-Info.plist"; sourceTree = "<group>"; };
		C2F335BD1986E75300F5D355 /* en */ = {isa = PBXFileReference; lastKnownFileType = text.plist.strings; name = en; path = en.lproj/InfoPlist.strings; sourceTree = "<group>"; };
		C2F335BF1986E75300F5D355 /* main.m */ = {isa = PBXFileReference; lastKnownFileType = sourcecode.c.objc; path = main.m; sourceTree = "<group>"; };
		C2F335C11986E75300F5D355 /* JMCache-Prefix.pch */ = {isa = PBXFileReference; lastKnownFileType = sourcecode.c.h; path = "JMCache-Prefix.pch"; sourceTree = "<group>"; };
		C2F335C21986E75300F5D355 /* AppDelegate.h */ = {isa = PBXFileReference; lastKnownFileType = sourcecode.c.h; path = AppDelegate.h; sourceTree = "<group>"; };
		C2F335C31986E75300F5D355 /* AppDelegate.m */ = {isa = PBXFileReference; lastKnownFileType = sourcecode.c.objc; path = AppDelegate.m; sourceTree = "<group>"; };
		C2F335C61986E75300F5D355 /* Base */ = {isa = PBXFileReference; lastKnownFileType = file.storyboard; name = Base; path = Base.lproj/Main.storyboard; sourceTree = "<group>"; };
		C2F335C81986E75300F5D355 /* ViewController.h */ = {isa = PBXFileReference; lastKnownFileType = sourcecode.c.h; path = ViewController.h; sourceTree = "<group>"; };
		C2F335C91986E75300F5D355 /* ViewController.m */ = {isa = PBXFileReference; lastKnownFileType = sourcecode.c.objc; path = ViewController.m; sourceTree = "<group>"; };
		C2F335CB1986E75300F5D355 /* Images.xcassets */ = {isa = PBXFileReference; lastKnownFileType = folder.assetcatalog; path = Images.xcassets; sourceTree = "<group>"; };
		C2F335D11986E75400F5D355 /* JMCacheTests.xctest */ = {isa = PBXFileReference; explicitFileType = wrapper.cfbundle; includeInIndex = 0; path = JMCacheTests.xctest; sourceTree = BUILT_PRODUCTS_DIR; };
		C2F335D21986E75400F5D355 /* XCTest.framework */ = {isa = PBXFileReference; lastKnownFileType = wrapper.framework; name = XCTest.framework; path = Library/Frameworks/XCTest.framework; sourceTree = DEVELOPER_DIR; };
		C2F335DA1986E75400F5D355 /* JMCacheTests-Info.plist */ = {isa = PBXFileReference; lastKnownFileType = text.plist.xml; path = "JMCacheTests-Info.plist"; sourceTree = "<group>"; };
		C2F335DC1986E75400F5D355 /* en */ = {isa = PBXFileReference; lastKnownFileType = text.plist.strings; name = en; path = en.lproj/InfoPlist.strings; sourceTree = "<group>"; };
		C2F335DE1986E75400F5D355 /* JMCacheTests.m */ = {isa = PBXFileReference; lastKnownFileType = sourcecode.c.objc; path = JMCacheTests.m; sourceTree = "<group>"; };
		C2F335E91986E7A800F5D355 /* JMCache+filePath.h */ = {isa = PBXFileReference; fileEncoding = 4; lastKnownFileType = sourcecode.c.h; path = "JMCache+filePath.h"; sourceTree = "<group>"; };
		C2F335EA1986E7A800F5D355 /* JMCache+filePath.m */ = {isa = PBXFileReference; fileEncoding = 4; lastKnownFileType = sourcecode.c.objc; path = "JMCache+filePath.m"; sourceTree = "<group>"; };
		C2F335EB1986E7A800F5D355 /* JMCache+ReadWrite.h */ = {isa = PBXFileReference; fileEncoding = 4; lastKnownFileType = sourcecode.c.h; path = "JMCache+ReadWrite.h"; sourceTree = "<group>"; };
		C2F335EC1986E7A800F5D355 /* JMCache+ReadWrite.m */ = {isa = PBXFileReference; fileEncoding = 4; lastKnownFileType = sourcecode.c.objc; path = "JMCache+ReadWrite.m"; sourceTree = "<group>"; };
		C2F335ED1986E7A800F5D355 /* JMCache.h */ = {isa = PBXFileReference; fileEncoding = 4; lastKnownFileType = sourcecode.c.h; path = JMCache.h; sourceTree = "<group>"; };
		C2F335EE1986E7A800F5D355 /* JMCache.m */ = {isa = PBXFileReference; fileEncoding = 4; lastKnownFileType = sourcecode.c.objc; path = JMCache.m; sourceTree = "<group>"; };
		C2F335EF1986E7A800F5D355 /* JMCacheReverseDataValueTransformer.h */ = {isa = PBXFileReference; fileEncoding = 4; lastKnownFileType = sourcecode.c.h; path = JMCacheReverseDataValueTransformer.h; sourceTree = "<group>"; };
		C2F335F01986E7A800F5D355 /* JMCacheReverseDataValueTransformer.m */ = {isa = PBXFileReference; fileEncoding = 4; lastKnownFileType = sourcecode.c.objc; path = JMCacheReverseDataValueTransformer.m; sourceTree = "<group>"; };
		C2F335F11986E7A800F5D355 /* JMCacheValueTransformer.h */ = {isa = PBXFileReference; fileEncoding = 4; lastKnownFileType = sourcecode.c.h; path = JMCacheValueTransformer.h; sourceTree = "<group>"; };
		C2F335F21986E7A800F5D355 /* JMCacheValueTransformer.m */ = {isa = PBXFileReference; fileEncoding = 4; lastKnownFileType = sourcecode.c.objc; path = JMCacheValueTransformer.m; sourceTree = "<group>"; };
		C2F335F31986E7A800F5D355 /* NSError+JMCache.h */ = {isa = PBXFileReference; fileEncoding = 4; lastKnownFileType = sourcecode.c.h; path = "NSError+JMCache.h"; sourceTree = "<group>"; };
		C2F335F41986E7A800F5D355 /* NSError+JMCache.m */ = {isa = PBXFileReference; fileEncoding = 4; lastKnownFileType = sourcecode.c.objc; path = "NSError+JMCache.m"; sourceTree = "<group>"; };
		C2F335FB1986F66400F5D355 /* JMCoding.h */ = {isa = PBXFileReference; lastKnownFileType = sourcecode.c.h; path = JMCoding.h; sourceTree = "<group>"; };
		C2F335FC19876AC500F5D355 /* JMCache+InMemory.h */ = {isa = PBXFileReference; fileEncoding = 4; lastKnownFileType = sourcecode.c.h; path = "JMCache+InMemory.h"; sourceTree = "<group>"; };
		C2F335FD19876AC500F5D355 /* JMCache+InMemory.m */ = {isa = PBXFileReference; fileEncoding = 4; lastKnownFileType = sourcecode.c.objc; path = "JMCache+InMemory.m"; sourceTree = "<group>"; };
		C2F335FF1988C3DC00F5D355 /* NSObject+JMCache.h */ = {isa = PBXFileReference; fileEncoding = 4; lastKnownFileType = sourcecode.c.h; path = "NSObject+JMCache.h"; sourceTree = "<group>"; };
		C2F336001988C3DC00F5D355 /* NSObject+JMCache.m */ = {isa = PBXFileReference; fileEncoding = 4; lastKnownFileType = sourcecode.c.objc; path = "NSObject+JMCache.m"; sourceTree = "<group>"; };
		C2F33605198AE16F00F5D355 /* JMCacheKey.h */ = {isa = PBXFileReference; fileEncoding = 4; lastKnownFileType = sourcecode.c.h; path = JMCacheKey.h; sourceTree = "<group>"; };
		C2F33606198AE16F00F5D355 /* JMCacheKey.m */ = {isa = PBXFileReference; fileEncoding = 4; lastKnownFileType = sourcecode.c.objc; path = JMCacheKey.m; sourceTree = "<group>"; };
/* End PBXFileReference section */

/* Begin PBXFrameworksBuildPhase section */
		C2F335AD1986E75300F5D355 /* Frameworks */ = {
			isa = PBXFrameworksBuildPhase;
			buildActionMask = 2147483647;
			files = (
				C2F335B61986E75300F5D355 /* CoreGraphics.framework in Frameworks */,
				C2F335B81986E75300F5D355 /* UIKit.framework in Frameworks */,
				C2F335B41986E75300F5D355 /* Foundation.framework in Frameworks */,
			);
			runOnlyForDeploymentPostprocessing = 0;
		};
		C2F335CE1986E75400F5D355 /* Frameworks */ = {
			isa = PBXFrameworksBuildPhase;
			buildActionMask = 2147483647;
			files = (
				C2F335D31986E75400F5D355 /* XCTest.framework in Frameworks */,
				C2F335D51986E75400F5D355 /* UIKit.framework in Frameworks */,
				C2F335D41986E75400F5D355 /* Foundation.framework in Frameworks */,
			);
			runOnlyForDeploymentPostprocessing = 0;
		};
/* End PBXFrameworksBuildPhase section */

/* Begin PBXGroup section */
		C2F335A71986E75300F5D355 = {
			isa = PBXGroup;
			children = (
				C2F335B91986E75300F5D355 /* JMCache */,
				C2F335D81986E75400F5D355 /* JMCacheTests */,
				C2F335B21986E75300F5D355 /* Frameworks */,
				C2F335B11986E75300F5D355 /* Products */,
			);
			sourceTree = "<group>";
		};
		C2F335B11986E75300F5D355 /* Products */ = {
			isa = PBXGroup;
			children = (
				C2F335B01986E75300F5D355 /* JMCache.app */,
				C2F335D11986E75400F5D355 /* JMCacheTests.xctest */,
			);
			name = Products;
			sourceTree = "<group>";
		};
		C2F335B21986E75300F5D355 /* Frameworks */ = {
			isa = PBXGroup;
			children = (
				C2F335E81986E7A800F5D355 /* JMCache */,
				C2F335B31986E75300F5D355 /* Foundation.framework */,
				C2F335B51986E75300F5D355 /* CoreGraphics.framework */,
				C2F335B71986E75300F5D355 /* UIKit.framework */,
				C2F335D21986E75400F5D355 /* XCTest.framework */,
			);
			name = Frameworks;
			sourceTree = "<group>";
		};
		C2F335B91986E75300F5D355 /* JMCache */ = {
			isa = PBXGroup;
			children = (
				C2F335C21986E75300F5D355 /* AppDelegate.h */,
				C2F335C31986E75300F5D355 /* AppDelegate.m */,
				C2F335C51986E75300F5D355 /* Main.storyboard */,
				C2F335C81986E75300F5D355 /* ViewController.h */,
				C2F335C91986E75300F5D355 /* ViewController.m */,
				C2F335CB1986E75300F5D355 /* Images.xcassets */,
				C2F335BA1986E75300F5D355 /* Supporting Files */,
			);
			path = JMCache;
			sourceTree = "<group>";
		};
		C2F335BA1986E75300F5D355 /* Supporting Files */ = {
			isa = PBXGroup;
			children = (
				C2F335BB1986E75300F5D355 /* JMCache-Info.plist */,
				C2F335BC1986E75300F5D355 /* InfoPlist.strings */,
				C2F335BF1986E75300F5D355 /* main.m */,
				C2F335C11986E75300F5D355 /* JMCache-Prefix.pch */,
			);
			name = "Supporting Files";
			sourceTree = "<group>";
		};
		C2F335D81986E75400F5D355 /* JMCacheTests */ = {
			isa = PBXGroup;
			children = (
				C2F335DE1986E75400F5D355 /* JMCacheTests.m */,
				C2A5DC23198CC52F00DC7662 /* JMCacheQueueTests.m */,
				C2F335D91986E75400F5D355 /* Supporting Files */,
			);
			path = JMCacheTests;
			sourceTree = "<group>";
		};
		C2F335D91986E75400F5D355 /* Supporting Files */ = {
			isa = PBXGroup;
			children = (
				C2F335DA1986E75400F5D355 /* JMCacheTests-Info.plist */,
				C2F335DB1986E75400F5D355 /* InfoPlist.strings */,
			);
			name = "Supporting Files";
			sourceTree = "<group>";
		};
		C2F335E81986E7A800F5D355 /* JMCache */ = {
			isa = PBXGroup;
			children = (
				C2F335FB1986F66400F5D355 /* JMCoding.h */,
				C2F335ED1986E7A800F5D355 /* JMCache.h */,
				C2F335EE1986E7A800F5D355 /* JMCache.m */,
				C2F33605198AE16F00F5D355 /* JMCacheKey.h */,
				C2F33606198AE16F00F5D355 /* JMCacheKey.m */,
				C2F335E91986E7A800F5D355 /* JMCache+filePath.h */,
				C2F335EA1986E7A800F5D355 /* JMCache+filePath.m */,
				C2F335FC19876AC500F5D355 /* JMCache+InMemory.h */,
				C2F335FD19876AC500F5D355 /* JMCache+InMemory.m */,
				C2F335EB1986E7A800F5D355 /* JMCache+ReadWrite.h */,
				C2F335EC1986E7A800F5D355 /* JMCache+ReadWrite.m */,
				C2F335EF1986E7A800F5D355 /* JMCacheReverseDataValueTransformer.h */,
				C2F335F01986E7A800F5D355 /* JMCacheReverseDataValueTransformer.m */,
				C2F335F11986E7A800F5D355 /* JMCacheValueTransformer.h */,
				C2F335F21986E7A800F5D355 /* JMCacheValueTransformer.m */,
				C2F335F31986E7A800F5D355 /* NSError+JMCache.h */,
				C2F335F41986E7A800F5D355 /* NSError+JMCache.m */,
				C2F335FF1988C3DC00F5D355 /* NSObject+JMCache.h */,
				C2F336001988C3DC00F5D355 /* NSObject+JMCache.m */,
			);
			name = JMCache;
			path = JMCache/JMCache;
			sourceTree = "<group>";
		};
/* End PBXGroup section */

/* Begin PBXNativeTarget section */
		C2F335AF1986E75300F5D355 /* JMCache */ = {
			isa = PBXNativeTarget;
			buildConfigurationList = C2F335E21986E75400F5D355 /* Build configuration list for PBXNativeTarget "JMCache" */;
			buildPhases = (
				C2F335AC1986E75300F5D355 /* Sources */,
				C2F335AD1986E75300F5D355 /* Frameworks */,
				C2F335AE1986E75300F5D355 /* Resources */,
			);
			buildRules = (
			);
			dependencies = (
			);
			name = JMCache;
			productName = JMCache;
			productReference = C2F335B01986E75300F5D355 /* JMCache.app */;
			productType = "com.apple.product-type.application";
		};
		C2F335D01986E75400F5D355 /* JMCacheTests */ = {
			isa = PBXNativeTarget;
			buildConfigurationList = C2F335E51986E75400F5D355 /* Build configuration list for PBXNativeTarget "JMCacheTests" */;
			buildPhases = (
				C2F335CD1986E75400F5D355 /* Sources */,
				C2F335CE1986E75400F5D355 /* Frameworks */,
				C2F335CF1986E75400F5D355 /* Resources */,
			);
			buildRules = (
			);
			dependencies = (
				C2F335D71986E75400F5D355 /* PBXTargetDependency */,
			);
			name = JMCacheTests;
			productName = JMCacheTests;
			productReference = C2F335D11986E75400F5D355 /* JMCacheTests.xctest */;
			productType = "com.apple.product-type.bundle.unit-test";
		};
/* End PBXNativeTarget section */

/* Begin PBXProject section */
		C2F335A81986E75300F5D355 /* Project object */ = {
			isa = PBXProject;
			attributes = {
				LastUpgradeCheck = 0510;
				ORGANIZATIONNAME = "jerome morissard";
				TargetAttributes = {
					C2F335D01986E75400F5D355 = {
						TestTargetID = C2F335AF1986E75300F5D355;
					};
				};
			};
			buildConfigurationList = C2F335AB1986E75300F5D355 /* Build configuration list for PBXProject "JMCache" */;
			compatibilityVersion = "Xcode 3.2";
			developmentRegion = English;
			hasScannedForEncodings = 0;
			knownRegions = (
				en,
				Base,
			);
			mainGroup = C2F335A71986E75300F5D355;
			productRefGroup = C2F335B11986E75300F5D355 /* Products */;
			projectDirPath = "";
			projectRoot = "";
			targets = (
				C2F335AF1986E75300F5D355 /* JMCache */,
				C2F335D01986E75400F5D355 /* JMCacheTests */,
			);
		};
/* End PBXProject section */

/* Begin PBXResourcesBuildPhase section */
		C2F335AE1986E75300F5D355 /* Resources */ = {
			isa = PBXResourcesBuildPhase;
			buildActionMask = 2147483647;
			files = (
				C2F335CC1986E75300F5D355 /* Images.xcassets in Resources */,
				C2F335BE1986E75300F5D355 /* InfoPlist.strings in Resources */,
				C2F335C71986E75300F5D355 /* Main.storyboard in Resources */,
			);
			runOnlyForDeploymentPostprocessing = 0;
		};
		C2F335CF1986E75400F5D355 /* Resources */ = {
			isa = PBXResourcesBuildPhase;
			buildActionMask = 2147483647;
			files = (
				C2F335DD1986E75400F5D355 /* InfoPlist.strings in Resources */,
			);
			runOnlyForDeploymentPostprocessing = 0;
		};
/* End PBXResourcesBuildPhase section */

/* Begin PBXSourcesBuildPhase section */
		C2F335AC1986E75300F5D355 /* Sources */ = {
			isa = PBXSourcesBuildPhase;
			buildActionMask = 2147483647;
			files = (
				C2F335F51986E7A800F5D355 /* JMCache+filePath.m in Sources */,
				C2F335CA1986E75300F5D355 /* ViewController.m in Sources */,
				C2F335FA1986E7A800F5D355 /* NSError+JMCache.m in Sources */,
				C2F33607198AE16F00F5D355 /* JMCacheKey.m in Sources */,
				C2F336011988C3DC00F5D355 /* NSObject+JMCache.m in Sources */,
				C2F335F61986E7A800F5D355 /* JMCache+ReadWrite.m in Sources */,
				C2F335C41986E75300F5D355 /* AppDelegate.m in Sources */,
				C2F335FE19876AC500F5D355 /* JMCache+InMemory.m in Sources */,
				C2F335F81986E7A800F5D355 /* JMCacheReverseDataValueTransformer.m in Sources */,
				C2F335C01986E75300F5D355 /* main.m in Sources */,
				C2F335F71986E7A800F5D355 /* JMCache.m in Sources */,
				C2F335F91986E7A800F5D355 /* JMCacheValueTransformer.m in Sources */,
			);
			runOnlyForDeploymentPostprocessing = 0;
		};
		C2F335CD1986E75400F5D355 /* Sources */ = {
			isa = PBXSourcesBuildPhase;
			buildActionMask = 2147483647;
			files = (
				C2A5DC2A198CC56600DC7662 /* JMCacheReverseDataValueTransformer.m in Sources */,
				C2F335DF1986E75400F5D355 /* JMCacheTests.m in Sources */,
				C2A5DC24198CC52F00DC7662 /* JMCacheQueueTests.m in Sources */,
				C2A5DC2D198CC56600DC7662 /* NSObject+JMCache.m in Sources */,
				C2A5DC27198CC56600DC7662 /* JMCache+filePath.m in Sources */,
				C2A5DC25198CC55B00DC7662 /* JMCache.m in Sources */,
				C2A5DC2B198CC56600DC7662 /* JMCacheValueTransformer.m in Sources */,
				C2A5DC26198CC56000DC7662 /* JMCacheKey.m in Sources */,
				C2A5DC29198CC56600DC7662 /* JMCache+ReadWrite.m in Sources */,
				C2A5DC28198CC56600DC7662 /* JMCache+InMemory.m in Sources */,
				C2A5DC2C198CC56600DC7662 /* NSError+JMCache.m in Sources */,
			);
			runOnlyForDeploymentPostprocessing = 0;
		};
/* End PBXSourcesBuildPhase section */

/* Begin PBXTargetDependency section */
		C2F335D71986E75400F5D355 /* PBXTargetDependency */ = {
			isa = PBXTargetDependency;
			target = C2F335AF1986E75300F5D355 /* JMCache */;
			targetProxy = C2F335D61986E75400F5D355 /* PBXContainerItemProxy */;
		};
/* End PBXTargetDependency section */

/* Begin PBXVariantGroup section */
		C2F335BC1986E75300F5D355 /* InfoPlist.strings */ = {
			isa = PBXVariantGroup;
			children = (
				C2F335BD1986E75300F5D355 /* en */,
			);
			name = InfoPlist.strings;
			sourceTree = "<group>";
		};
		C2F335C51986E75300F5D355 /* Main.storyboard */ = {
			isa = PBXVariantGroup;
			children = (
				C2F335C61986E75300F5D355 /* Base */,
			);
			name = Main.storyboard;
			sourceTree = "<group>";
		};
		C2F335DB1986E75400F5D355 /* InfoPlist.strings */ = {
			isa = PBXVariantGroup;
			children = (
				C2F335DC1986E75400F5D355 /* en */,
			);
			name = InfoPlist.strings;
			sourceTree = "<group>";
		};
/* End PBXVariantGroup section */

/* Begin XCBuildConfiguration section */
		C2F335E01986E75400F5D355 /* Debug */ = {
			isa = XCBuildConfiguration;
			buildSettings = {
				ALWAYS_SEARCH_USER_PATHS = NO;
				CLANG_CXX_LANGUAGE_STANDARD = "gnu++0x";
				CLANG_CXX_LIBRARY = "libc++";
				CLANG_ENABLE_MODULES = YES;
				CLANG_ENABLE_OBJC_ARC = YES;
				CLANG_WARN_BOOL_CONVERSION = YES;
				CLANG_WARN_CONSTANT_CONVERSION = YES;
				CLANG_WARN_DIRECT_OBJC_ISA_USAGE = YES_ERROR;
				CLANG_WARN_EMPTY_BODY = YES;
				CLANG_WARN_ENUM_CONVERSION = YES;
				CLANG_WARN_INT_CONVERSION = YES;
				CLANG_WARN_OBJC_ROOT_CLASS = YES_ERROR;
				CLANG_WARN__DUPLICATE_METHOD_MATCH = YES;
				"CODE_SIGN_IDENTITY[sdk=iphoneos*]" = "iPhone Developer";
				COPY_PHASE_STRIP = NO;
				GCC_C_LANGUAGE_STANDARD = gnu99;
				GCC_DYNAMIC_NO_PIC = NO;
				GCC_OPTIMIZATION_LEVEL = 0;
				GCC_PREPROCESSOR_DEFINITIONS = (
					"DEBUG=1",
					"$(inherited)",
				);
				GCC_SYMBOLS_PRIVATE_EXTERN = NO;
				GCC_WARN_64_TO_32_BIT_CONVERSION = YES;
				GCC_WARN_ABOUT_RETURN_TYPE = YES_ERROR;
				GCC_WARN_UNDECLARED_SELECTOR = YES;
				GCC_WARN_UNINITIALIZED_AUTOS = YES_AGGRESSIVE;
				GCC_WARN_UNUSED_FUNCTION = YES;
				GCC_WARN_UNUSED_VARIABLE = YES;
				IPHONEOS_DEPLOYMENT_TARGET = 7.1;
				ONLY_ACTIVE_ARCH = YES;
				SDKROOT = iphoneos;
			};
			name = Debug;
		};
		C2F335E11986E75400F5D355 /* Release */ = {
			isa = XCBuildConfiguration;
			buildSettings = {
				ALWAYS_SEARCH_USER_PATHS = NO;
				CLANG_CXX_LANGUAGE_STANDARD = "gnu++0x";
				CLANG_CXX_LIBRARY = "libc++";
				CLANG_ENABLE_MODULES = YES;
				CLANG_ENABLE_OBJC_ARC = YES;
				CLANG_WARN_BOOL_CONVERSION = YES;
				CLANG_WARN_CONSTANT_CONVERSION = YES;
				CLANG_WARN_DIRECT_OBJC_ISA_USAGE = YES_ERROR;
				CLANG_WARN_EMPTY_BODY = YES;
				CLANG_WARN_ENUM_CONVERSION = YES;
				CLANG_WARN_INT_CONVERSION = YES;
				CLANG_WARN_OBJC_ROOT_CLASS = YES_ERROR;
				CLANG_WARN__DUPLICATE_METHOD_MATCH = YES;
				"CODE_SIGN_IDENTITY[sdk=iphoneos*]" = "iPhone Developer";
				COPY_PHASE_STRIP = YES;
				ENABLE_NS_ASSERTIONS = NO;
				GCC_C_LANGUAGE_STANDARD = gnu99;
				GCC_WARN_64_TO_32_BIT_CONVERSION = YES;
				GCC_WARN_ABOUT_RETURN_TYPE = YES_ERROR;
				GCC_WARN_UNDECLARED_SELECTOR = YES;
				GCC_WARN_UNINITIALIZED_AUTOS = YES_AGGRESSIVE;
				GCC_WARN_UNUSED_FUNCTION = YES;
				GCC_WARN_UNUSED_VARIABLE = YES;
				IPHONEOS_DEPLOYMENT_TARGET = 7.1;
				SDKROOT = iphoneos;
				VALIDATE_PRODUCT = YES;
			};
			name = Release;
		};
		C2F335E31986E75400F5D355 /* Debug */ = {
			isa = XCBuildConfiguration;
			buildSettings = {
				ASSETCATALOG_COMPILER_APPICON_NAME = AppIcon;
				ASSETCATALOG_COMPILER_LAUNCHIMAGE_NAME = LaunchImage;
				GCC_PRECOMPILE_PREFIX_HEADER = YES;
				GCC_PREFIX_HEADER = "JMCache/JMCache-Prefix.pch";
				INFOPLIST_FILE = "JMCache/JMCache-Info.plist";
				PRODUCT_NAME = "$(TARGET_NAME)";
				WRAPPER_EXTENSION = app;
			};
			name = Debug;
		};
		C2F335E41986E75400F5D355 /* Release */ = {
			isa = XCBuildConfiguration;
			buildSettings = {
				ASSETCATALOG_COMPILER_APPICON_NAME = AppIcon;
				ASSETCATALOG_COMPILER_LAUNCHIMAGE_NAME = LaunchImage;
				GCC_PRECOMPILE_PREFIX_HEADER = YES;
				GCC_PREFIX_HEADER = "JMCache/JMCache-Prefix.pch";
				INFOPLIST_FILE = "JMCache/JMCache-Info.plist";
				PRODUCT_NAME = "$(TARGET_NAME)";
				WRAPPER_EXTENSION = app;
			};
			name = Release;
		};
		C2F335E61986E75400F5D355 /* Debug */ = {
			isa = XCBuildConfiguration;
			buildSettings = {
				BUNDLE_LOADER = "$(BUILT_PRODUCTS_DIR)/JMCache.app/JMCache";
				FRAMEWORK_SEARCH_PATHS = (
					"$(SDKROOT)/Developer/Library/Frameworks",
					"$(inherited)",
					"$(DEVELOPER_FRAMEWORKS_DIR)",
				);
				GCC_PRECOMPILE_PREFIX_HEADER = YES;
				GCC_PREFIX_HEADER = "JMCache/JMCache-Prefix.pch";
				GCC_PREPROCESSOR_DEFINITIONS = (
					"DEBUG=1",
					"$(inherited)",
				);
				INFOPLIST_FILE = "JMCacheTests/JMCacheTests-Info.plist";
				PRODUCT_NAME = "$(TARGET_NAME)";
				TEST_HOST = "$(BUNDLE_LOADER)";
				WRAPPER_EXTENSION = xctest;
			};
			name = Debug;
		};
		C2F335E71986E75400F5D355 /* Release */ = {
			isa = XCBuildConfiguration;
			buildSettings = {
				BUNDLE_LOADER = "$(BUILT_PRODUCTS_DIR)/JMCache.app/JMCache";
				FRAMEWORK_SEARCH_PATHS = (
					"$(SDKROOT)/Developer/Library/Frameworks",
					"$(inherited)",
					"$(DEVELOPER_FRAMEWORKS_DIR)",
				);
				GCC_PRECOMPILE_PREFIX_HEADER = YES;
				GCC_PREFIX_HEADER = "JMCache/JMCache-Prefix.pch";
				INFOPLIST_FILE = "JMCacheTests/JMCacheTests-Info.plist";
				PRODUCT_NAME = "$(TARGET_NAME)";
				TEST_HOST = "$(BUNDLE_LOADER)";
				WRAPPER_EXTENSION = xctest;
			};
			name = Release;
		};
/* End XCBuildConfiguration section */

/* Begin XCConfigurationList section */
		C2F335AB1986E75300F5D355 /* Build configuration list for PBXProject "JMCache" */ = {
			isa = XCConfigurationList;
			buildConfigurations = (
				C2F335E01986E75400F5D355 /* Debug */,
				C2F335E11986E75400F5D355 /* Release */,
			);
			defaultConfigurationIsVisible = 0;
			defaultConfigurationName = Release;
		};
		C2F335E21986E75400F5D355 /* Build configuration list for PBXNativeTarget "JMCache" */ = {
			isa = XCConfigurationList;
			buildConfigurations = (
				C2F335E31986E75400F5D355 /* Debug */,
				C2F335E41986E75400F5D355 /* Release */,
			);
			defaultConfigurationIsVisible = 0;
			defaultConfigurationName = Release;
		};
		C2F335E51986E75400F5D355 /* Build configuration list for PBXNativeTarget "JMCacheTests" */ = {
			isa = XCConfigurationList;
			buildConfigurations = (
				C2F335E61986E75400F5D355 /* Debug */,
				C2F335E71986E75400F5D355 /* Release */,
			);
			defaultConfigurationIsVisible = 0;
			defaultConfigurationName = Release;
		};
/* End XCConfigurationList section */
	};
	rootObject = C2F335A81986E75300F5D355 /* Project object */;
}
